{
  "name": "netease-miniprogram",
  "version": "1.0.0",
  "lockfileVersion": 1,
  "requires": true,
  "dependencies": {
    "@nondanee/unblockneteasemusic": {
      "version": "0.25.3",
      "resolved": "https://registry.npm.taobao.org/@nondanee/unblockneteasemusic/download/@nondanee/unblockneteasemusic-0.25.3.tgz",
      "integrity": "sha1-ctk28Y9GUjorkpuOrsjf0qzyXn4="
    }
  }
}
